
Microsoft Visual Studio Solution File, Format Version 12.00
# Visual Studio Version 16
VisualStudioVersion = 16.0.31105.61
MinimumVisualStudioVersion = 10.0.40219.1
Project("{FAE04EC0-301F-11D3-BF4B-00C04F79EFBC}") = "ContosoCrafts", "ContosoCrafts.csproj", "{78CE5470-27F4-455A-A3B4-A57B80795065}"
EndProject
Global
	GlobalSection(SolutionConfigurationPlatforms) = preSolution
		Debug|Any CPU = Debug|Any CPU
		Release|Any CPU = Release|Any CPU
	EndGlobalSection
	GlobalSection(ProjectConfigurationPlatforms) = postSolution
		{78CE5470-27F4-455A-A3B4-A57B80795065}.Debug|Any CPU.ActiveCfg = Debug|Any CPU
		{78CE5470-27F4-455A-A3B4-A57B80795065}.Debug|Any CPU.Build.0 = Debug|Any CPU
		{78CE5470-27F4-455A-A3B4-A57B80795065}.Release|Any CPU.ActiveCfg = Release|Any CPU
		{78CE5470-27F4-455A-A3B4-A57B80795065}.Release|Any CPU.Build.0 = Release|Any CPU
	EndGlobalSection
	GlobalSection(SolutionProperties) = preSolution
		HideSolutionNode = FALSE
	EndGlobalSection
	GlobalSection(ExtensibilityGlobals) = postSolution
		SolutionGuid = {40F7551F-9705-457E-A81B-C0B17A6CC0F5}
	EndGlobalSection
EndGlobal
